
Microsoft Visual Studio Solution File, Format Version 12.00
# Visual Studio Version 16
VisualStudioVersion = 16.0.30717.126
MinimumVisualStudioVersion = 10.0.40219.1
Project("{9A19103F-16F7-4668-BE54-9A1E7A4F7556}") = "BankingSystem", "BankingSystem\BankingSystem.csproj", "{43709008-51D3-4DAA-9C71-6515DDA7FBCB}"
EndProject
Project("{2150E333-8FDC-42A3-9474-1A3956D46DE8}") = "Infrastructure", "Infrastructure", "{A2A957D1-639A-43DD-A3A9-F71A539AF01F}"
EndProject
Project("{9A19103F-16F7-4668-BE54-9A1E7A4F7556}") = "BankingSystem.Infrastructure.DependencyBuilder", "BankingSystem.Infrastructure.DependencyBuilder\BankingSystem.Infrastructure.DependencyBuilder.csproj", "{C739636C-5870-4107-8406-62D6D0318003}"
EndProject
Project("{9A19103F-16F7-4668-BE54-9A1E7A4F7556}") = "BankingSystem.Core", "BankingSystem.Core\BankingSystem.Core.csproj", "{DB0D6778-4010-4741-9BA7-DF44662F9796}"
EndProject
Project("{9A19103F-16F7-4668-BE54-9A1E7A4F7556}") = "BankingSystem.Data", "BankingSystem.Data\BankingSystem.Data.csproj", "{6C6FB5AC-440F-4E2D-9471-50A3ADF3318B}"
EndProject
Project("{2150E333-8FDC-42A3-9474-1A3956D46DE8}") = "Migrator", "Migrator", "{A85BA098-7032-4A32-954B-CAA5A67B1640}"
EndProject
Project("{9A19103F-16F7-4668-BE54-9A1E7A4F7556}") = "BankingSystem.Migrator", "BankingSystem.Migrator\BankingSystem.Migrator.csproj", "{1971AA7C-925B-4D8D-8B18-9DFB90AEDA6E}"
EndProject
Project("{9A19103F-16F7-4668-BE54-9A1E7A4F7556}") = "BankingSystem.Infrastructure.HostedServices", "BankingSystem.Infrastructure.HostedServices\BankingSystem.Infrastructure.HostedServices.csproj", "{77229921-2490-4517-830A-BAF3C3A872D6}"
EndProject
Project("{2150E333-8FDC-42A3-9474-1A3956D46DE8}") = "Test", "Test", "{B2746305-263D-4406-8FB7-31EF59D3E553}"
EndProject
Project("{FAE04EC0-301F-11D3-BF4B-00C04F79EFBC}") = "BankingSystem.UnitTests", "BankingSystem.UnitTests\BankingSystem.UnitTests.csproj", "{F4AE0268-4BC8-4FEC-8A5B-7EDB67B27A0F}"
EndProject
Global
	GlobalSection(SolutionConfigurationPlatforms) = preSolution
		Debug|Any CPU = Debug|Any CPU
		Release|Any CPU = Release|Any CPU
	EndGlobalSection
	GlobalSection(ProjectConfigurationPlatforms) = postSolution
		{43709008-51D3-4DAA-9C71-6515DDA7FBCB}.Debug|Any CPU.ActiveCfg = Debug|Any CPU
		{43709008-51D3-4DAA-9C71-6515DDA7FBCB}.Debug|Any CPU.Build.0 = Debug|Any CPU
		{43709008-51D3-4DAA-9C71-6515DDA7FBCB}.Release|Any CPU.ActiveCfg = Release|Any CPU
		{43709008-51D3-4DAA-9C71-6515DDA7FBCB}.Release|Any CPU.Build.0 = Release|Any CPU
		{C739636C-5870-4107-8406-62D6D0318003}.Debug|Any CPU.ActiveCfg = Debug|Any CPU
		{C739636C-5870-4107-8406-62D6D0318003}.Debug|Any CPU.Build.0 = Debug|Any CPU
		{C739636C-5870-4107-8406-62D6D0318003}.Release|Any CPU.ActiveCfg = Release|Any CPU
		{C739636C-5870-4107-8406-62D6D0318003}.Release|Any CPU.Build.0 = Release|Any CPU
		{DB0D6778-4010-4741-9BA7-DF44662F9796}.Debug|Any CPU.ActiveCfg = Debug|Any CPU
		{DB0D6778-4010-4741-9BA7-DF44662F9796}.Debug|Any CPU.Build.0 = Debug|Any CPU
		{DB0D6778-4010-4741-9BA7-DF44662F9796}.Release|Any CPU.ActiveCfg = Release|Any CPU
		{DB0D6778-4010-4741-9BA7-DF44662F9796}.Release|Any CPU.Build.0 = Release|Any CPU
		{6C6FB5AC-440F-4E2D-9471-50A3ADF3318B}.Debug|Any CPU.ActiveCfg = Debug|Any CPU
		{6C6FB5AC-440F-4E2D-9471-50A3ADF3318B}.Debug|Any CPU.Build.0 = Debug|Any CPU
		{6C6FB5AC-440F-4E2D-9471-50A3ADF3318B}.Release|Any CPU.ActiveCfg = Release|Any CPU
		{6C6FB5AC-440F-4E2D-9471-50A3ADF3318B}.Release|Any CPU.Build.0 = Release|Any CPU
		{1971AA7C-925B-4D8D-8B18-9DFB90AEDA6E}.Debug|Any CPU.ActiveCfg = Debug|Any CPU
		{1971AA7C-925B-4D8D-8B18-9DFB90AEDA6E}.Debug|Any CPU.Build.0 = Debug|Any CPU
		{1971AA7C-925B-4D8D-8B18-9DFB90AEDA6E}.Release|Any CPU.ActiveCfg = Release|Any CPU
		{1971AA7C-925B-4D8D-8B18-9DFB90AEDA6E}.Release|Any CPU.Build.0 = Release|Any CPU
		{77229921-2490-4517-830A-BAF3C3A872D6}.Debug|Any CPU.ActiveCfg = Debug|Any CPU
		{77229921-2490-4517-830A-BAF3C3A872D6}.Debug|Any CPU.Build.0 = Debug|Any CPU
		{77229921-2490-4517-830A-BAF3C3A872D6}.Release|Any CPU.ActiveCfg = Release|Any CPU
		{77229921-2490-4517-830A-BAF3C3A872D6}.Release|Any CPU.Build.0 = Release|Any CPU
		{F4AE0268-4BC8-4FEC-8A5B-7EDB67B27A0F}.Debug|Any CPU.ActiveCfg = Debug|Any CPU
		{F4AE0268-4BC8-4FEC-8A5B-7EDB67B27A0F}.Debug|Any CPU.Build.0 = Debug|Any CPU
		{F4AE0268-4BC8-4FEC-8A5B-7EDB67B27A0F}.Release|Any CPU.ActiveCfg = Release|Any CPU
		{F4AE0268-4BC8-4FEC-8A5B-7EDB67B27A0F}.Release|Any CPU.Build.0 = Release|Any CPU
	EndGlobalSection
	GlobalSection(SolutionProperties) = preSolution
		HideSolutionNode = FALSE
	EndGlobalSection
	GlobalSection(NestedProjects) = preSolution
		{C739636C-5870-4107-8406-62D6D0318003} = {A2A957D1-639A-43DD-A3A9-F71A539AF01F}
		{1971AA7C-925B-4D8D-8B18-9DFB90AEDA6E} = {A85BA098-7032-4A32-954B-CAA5A67B1640}
		{77229921-2490-4517-830A-BAF3C3A872D6} = {A2A957D1-639A-43DD-A3A9-F71A539AF01F}
		{F4AE0268-4BC8-4FEC-8A5B-7EDB67B27A0F} = {B2746305-263D-4406-8FB7-31EF59D3E553}
	EndGlobalSection
	GlobalSection(ExtensibilityGlobals) = postSolution
		SolutionGuid = {4C337633-FF6B-4A29-8A2B-4151A9DC72A4}
	EndGlobalSection
EndGlobal
